Microsoft Visual Studio Solution File, Format Version 11.00
# Visual Studio 2008

Project("{2054749F-AD6E-C826-6B24-18998B9FE6F1}") = "ConceptArt", "Assembly-CSharp.csproj", "{1A9F64C3-781C-1B77-5210-9D175CA39CAC}"
EndProject
Global
	GlobalSection(SolutionConfigurationPlatforms) = preSolution
		Debug|Any CPU = Debug|Any CPU
		Release|Any CPU = Release|Any CPU
	EndGlobalSection
	GlobalSection(ProjectConfigurationPlatforms) = postSolution
		{1A9F64C3-781C-1B77-5210-9D175CA39CAC}.Debug|Any CPU.ActiveCfg = Debug|Any CPU
		{1A9F64C3-781C-1B77-5210-9D175CA39CAC}.Debug|Any CPU.Build.0 = Debug|Any CPU
		{1A9F64C3-781C-1B77-5210-9D175CA39CAC}.Release|Any CPU.ActiveCfg = Release|Any CPU
		{1A9F64C3-781C-1B77-5210-9D175CA39CAC}.Release|Any CPU.Build.0 = Release|Any CPU
	EndGlobalSection
	GlobalSection(SolutionProperties) = preSolution
		HideSolutionNode = FALSE
	EndGlobalSection
	GlobalSection(MonoDevelopProperties) = preSolution
		StartupItem = Assembly-CSharp.csproj
	EndGlobalSection
EndGlobal
